
Microsoft Visual Studio Solution File, Format Version 12.00
# Visual Studio Version 17
VisualStudioVersion = 17.11.35222.181
MinimumVisualStudioVersion = 10.0.40219.1
Project("{2150E333-8FDC-42A3-9474-1A3956D46DE8}") = "ArchitectureEda", "ArchitectureEda", "{2D2BEA41-7971-490D-99BF-2049998C4C83}"
EndProject
Project("{9A19103F-16F7-4668-BE54-9A1E7A4F7556}") = "N5.Domain.Eda", "N5.Domain.Eda\N5.Domain.Eda.csproj", "{C733BC71-45F9-470B-82F7-067D877243EC}"
EndProject
Project("{9A19103F-16F7-4668-BE54-9A1E7A4F7556}") = "N5.Kafka.Eda", "N5.Eda.Kafka\N5.Kafka.Eda.csproj", "{B01BAFB1-4FD9-40C9-A356-435FAEDDA765}"
EndProject
Project("{2150E333-8FDC-42A3-9474-1A3956D46DE8}") = "RequestReplay", "RequestReplay", "{C2B687F0-78A3-4ECA-B095-8340852950AE}"
EndProject
Project("{9A19103F-16F7-4668-BE54-9A1E7A4F7556}") = "N5.RequestReply.Eda", "N5.RequestReply.Eda\N5.RequestReply.Eda.csproj", "{142AF8D7-5579-4788-88CA-2F101A8C4498}"
EndProject
Project("{2150E333-8FDC-42A3-9474-1A3956D46DE8}") = "System", "System", "{DCA1640D-53BE-4D07-A925-03173276F5D8}"
EndProject
Project("{9A19103F-16F7-4668-BE54-9A1E7A4F7556}") = "N5.Events", "N5.Events\N5.Events.csproj", "{56D1A206-6AA5-4DE1-BABA-360E57914BF0}"
EndProject
Project("{9A19103F-16F7-4668-BE54-9A1E7A4F7556}") = "N5.System.Application", "N5.System.Application\N5.System.Application.csproj", "{A3082C2D-5EB5-4172-82B9-D40E6D2D64A7}"
EndProject
Project("{9A19103F-16F7-4668-BE54-9A1E7A4F7556}") = "N5.System.Domain", "N5.System.Domain\N5.System.Domain.csproj", "{0FD0DF62-91CF-49BF-9F46-8E9DABA83120}"
EndProject
Project("{9A19103F-16F7-4668-BE54-9A1E7A4F7556}") = "N5.System.Infraestructure", "N5.System.Infraestructure\N5.System.Infraestructure.csproj", "{94553BD6-DA3E-4A46-BCF1-A75A1476F684}"
EndProject
Project("{2150E333-8FDC-42A3-9474-1A3956D46DE8}") = "Presentation", "Presentation", "{3F2E4CCC-7208-4DCE-A57E-5AB614C9D42B}"
EndProject
Project("{9A19103F-16F7-4668-BE54-9A1E7A4F7556}") = "N5.Presentation.Api", "N5.Presentation.Api\N5.Presentation.Api.csproj", "{9463BBB5-6161-4972-910B-3DFE076B0896}"
EndProject
Project("{2150E333-8FDC-42A3-9474-1A3956D46DE8}") = "Test", "Test", "{32757E33-3525-4D5C-95FC-333519F7999A}"
EndProject
Project("{9A19103F-16F7-4668-BE54-9A1E7A4F7556}") = "N5.UnitTest", "N5.UnitTest\N5.UnitTest.csproj", "{BE0613A4-C339-4DCF-AB3B-90729750BD07}"
EndProject
Project("{FAE04EC0-301F-11D3-BF4B-00C04F79EFBC}") = "N5.System.Integrator", "N5.System.Integrator\N5.System.Integrator.csproj", "{F2D1A717-F0B6-46B9-86CA-FF51006F45D2}"
EndProject
Global
	GlobalSection(SolutionConfigurationPlatforms) = preSolution
		Debug|Any CPU = Debug|Any CPU
		Release|Any CPU = Release|Any CPU
	EndGlobalSection
	GlobalSection(ProjectConfigurationPlatforms) = postSolution
		{C733BC71-45F9-470B-82F7-067D877243EC}.Debug|Any CPU.ActiveCfg = Debug|Any CPU
		{C733BC71-45F9-470B-82F7-067D877243EC}.Debug|Any CPU.Build.0 = Debug|Any CPU
		{C733BC71-45F9-470B-82F7-067D877243EC}.Release|Any CPU.ActiveCfg = Release|Any CPU
		{C733BC71-45F9-470B-82F7-067D877243EC}.Release|Any CPU.Build.0 = Release|Any CPU
		{B01BAFB1-4FD9-40C9-A356-435FAEDDA765}.Debug|Any CPU.ActiveCfg = Debug|Any CPU
		{B01BAFB1-4FD9-40C9-A356-435FAEDDA765}.Debug|Any CPU.Build.0 = Debug|Any CPU
		{B01BAFB1-4FD9-40C9-A356-435FAEDDA765}.Release|Any CPU.ActiveCfg = Release|Any CPU
		{B01BAFB1-4FD9-40C9-A356-435FAEDDA765}.Release|Any CPU.Build.0 = Release|Any CPU
		{142AF8D7-5579-4788-88CA-2F101A8C4498}.Debug|Any CPU.ActiveCfg = Debug|Any CPU
		{142AF8D7-5579-4788-88CA-2F101A8C4498}.Debug|Any CPU.Build.0 = Debug|Any CPU
		{142AF8D7-5579-4788-88CA-2F101A8C4498}.Release|Any CPU.ActiveCfg = Release|Any CPU
		{142AF8D7-5579-4788-88CA-2F101A8C4498}.Release|Any CPU.Build.0 = Release|Any CPU
		{56D1A206-6AA5-4DE1-BABA-360E57914BF0}.Debug|Any CPU.ActiveCfg = Debug|Any CPU
		{56D1A206-6AA5-4DE1-BABA-360E57914BF0}.Debug|Any CPU.Build.0 = Debug|Any CPU
		{56D1A206-6AA5-4DE1-BABA-360E57914BF0}.Release|Any CPU.ActiveCfg = Release|Any CPU
		{56D1A206-6AA5-4DE1-BABA-360E57914BF0}.Release|Any CPU.Build.0 = Release|Any CPU
		{A3082C2D-5EB5-4172-82B9-D40E6D2D64A7}.Debug|Any CPU.ActiveCfg = Debug|Any CPU
		{A3082C2D-5EB5-4172-82B9-D40E6D2D64A7}.Debug|Any CPU.Build.0 = Debug|Any CPU
		{A3082C2D-5EB5-4172-82B9-D40E6D2D64A7}.Release|Any CPU.ActiveCfg = Release|Any CPU
		{A3082C2D-5EB5-4172-82B9-D40E6D2D64A7}.Release|Any CPU.Build.0 = Release|Any CPU
		{0FD0DF62-91CF-49BF-9F46-8E9DABA83120}.Debug|Any CPU.ActiveCfg = Debug|Any CPU
		{0FD0DF62-91CF-49BF-9F46-8E9DABA83120}.Debug|Any CPU.Build.0 = Debug|Any CPU
		{0FD0DF62-91CF-49BF-9F46-8E9DABA83120}.Release|Any CPU.ActiveCfg = Release|Any CPU
		{0FD0DF62-91CF-49BF-9F46-8E9DABA83120}.Release|Any CPU.Build.0 = Release|Any CPU
		{94553BD6-DA3E-4A46-BCF1-A75A1476F684}.Debug|Any CPU.ActiveCfg = Debug|Any CPU
		{94553BD6-DA3E-4A46-BCF1-A75A1476F684}.Debug|Any CPU.Build.0 = Debug|Any CPU
		{94553BD6-DA3E-4A46-BCF1-A75A1476F684}.Release|Any CPU.ActiveCfg = Release|Any CPU
		{94553BD6-DA3E-4A46-BCF1-A75A1476F684}.Release|Any CPU.Build.0 = Release|Any CPU
		{9463BBB5-6161-4972-910B-3DFE076B0896}.Debug|Any CPU.ActiveCfg = Debug|Any CPU
		{9463BBB5-6161-4972-910B-3DFE076B0896}.Debug|Any CPU.Build.0 = Debug|Any CPU
		{9463BBB5-6161-4972-910B-3DFE076B0896}.Release|Any CPU.ActiveCfg = Release|Any CPU
		{9463BBB5-6161-4972-910B-3DFE076B0896}.Release|Any CPU.Build.0 = Release|Any CPU
		{BE0613A4-C339-4DCF-AB3B-90729750BD07}.Debug|Any CPU.ActiveCfg = Debug|Any CPU
		{BE0613A4-C339-4DCF-AB3B-90729750BD07}.Debug|Any CPU.Build.0 = Debug|Any CPU
		{BE0613A4-C339-4DCF-AB3B-90729750BD07}.Release|Any CPU.ActiveCfg = Release|Any CPU
		{BE0613A4-C339-4DCF-AB3B-90729750BD07}.Release|Any CPU.Build.0 = Release|Any CPU
		{F2D1A717-F0B6-46B9-86CA-FF51006F45D2}.Debug|Any CPU.ActiveCfg = Debug|Any CPU
		{F2D1A717-F0B6-46B9-86CA-FF51006F45D2}.Debug|Any CPU.Build.0 = Debug|Any CPU
		{F2D1A717-F0B6-46B9-86CA-FF51006F45D2}.Release|Any CPU.ActiveCfg = Release|Any CPU
		{F2D1A717-F0B6-46B9-86CA-FF51006F45D2}.Release|Any CPU.Build.0 = Release|Any CPU
	EndGlobalSection
	GlobalSection(SolutionProperties) = preSolution
		HideSolutionNode = FALSE
	EndGlobalSection
	GlobalSection(NestedProjects) = preSolution
		{C733BC71-45F9-470B-82F7-067D877243EC} = {2D2BEA41-7971-490D-99BF-2049998C4C83}
		{B01BAFB1-4FD9-40C9-A356-435FAEDDA765} = {2D2BEA41-7971-490D-99BF-2049998C4C83}
		{142AF8D7-5579-4788-88CA-2F101A8C4498} = {C2B687F0-78A3-4ECA-B095-8340852950AE}
		{56D1A206-6AA5-4DE1-BABA-360E57914BF0} = {2D2BEA41-7971-490D-99BF-2049998C4C83}
		{A3082C2D-5EB5-4172-82B9-D40E6D2D64A7} = {DCA1640D-53BE-4D07-A925-03173276F5D8}
		{0FD0DF62-91CF-49BF-9F46-8E9DABA83120} = {DCA1640D-53BE-4D07-A925-03173276F5D8}
		{94553BD6-DA3E-4A46-BCF1-A75A1476F684} = {DCA1640D-53BE-4D07-A925-03173276F5D8}
		{9463BBB5-6161-4972-910B-3DFE076B0896} = {3F2E4CCC-7208-4DCE-A57E-5AB614C9D42B}
		{BE0613A4-C339-4DCF-AB3B-90729750BD07} = {32757E33-3525-4D5C-95FC-333519F7999A}
		{F2D1A717-F0B6-46B9-86CA-FF51006F45D2} = {DCA1640D-53BE-4D07-A925-03173276F5D8}
	EndGlobalSection
	GlobalSection(ExtensibilityGlobals) = postSolution
		SolutionGuid = {5FF2E8CB-EBE1-4BB8-8A06-915FF4BCEF4C}
	EndGlobalSection
EndGlobal
